
Microsoft Visual Studio Solution File, Format Version 12.00
# Visual Studio Version 17
VisualStudioVersion = 17.2.32616.157
MinimumVisualStudioVersion = 10.0.40219.1
Project("{9A19103F-16F7-4668-BE54-9A1E7A4F7556}") = "BlazorWebECommerceApp.Server", "BlazorWebECommerceApp\Server\BlazorWebECommerceApp.Server.csproj", "{DD26C39A-963F-49FA-924E-13F7602B5DEC}"
EndProject
Project("{9A19103F-16F7-4668-BE54-9A1E7A4F7556}") = "BlazorWebECommerceApp.Client", "BlazorWebECommerceApp\Client\BlazorWebECommerceApp.Client.csproj", "{A07E401C-AB03-4B84-9AD0-A5CEF89958E7}"
EndProject
Project("{9A19103F-16F7-4668-BE54-9A1E7A4F7556}") = "BlazorWebECommerceApp.Shared", "BlazorWebECommerceApp\Shared\BlazorWebECommerceApp.Shared.csproj", "{6F95FF31-410E-46A8-82E5-149F848E1E5A}"
EndProject
Global
	GlobalSection(SolutionConfigurationPlatforms) = preSolution
		Debug|Any CPU = Debug|Any CPU
		Release|Any CPU = Release|Any CPU
	EndGlobalSection
	GlobalSection(ProjectConfigurationPlatforms) = postSolution
		{DD26C39A-963F-49FA-924E-13F7602B5DEC}.Debug|Any CPU.ActiveCfg = Debug|Any CPU
		{DD26C39A-963F-49FA-924E-13F7602B5DEC}.Debug|Any CPU.Build.0 = Debug|Any CPU
		{DD26C39A-963F-49FA-924E-13F7602B5DEC}.Release|Any CPU.ActiveCfg = Release|Any CPU
		{DD26C39A-963F-49FA-924E-13F7602B5DEC}.Release|Any CPU.Build.0 = Release|Any CPU
		{A07E401C-AB03-4B84-9AD0-A5CEF89958E7}.Debug|Any CPU.ActiveCfg = Debug|Any CPU
		{A07E401C-AB03-4B84-9AD0-A5CEF89958E7}.Debug|Any CPU.Build.0 = Debug|Any CPU
		{A07E401C-AB03-4B84-9AD0-A5CEF89958E7}.Release|Any CPU.ActiveCfg = Release|Any CPU
		{A07E401C-AB03-4B84-9AD0-A5CEF89958E7}.Release|Any CPU.Build.0 = Release|Any CPU
		{6F95FF31-410E-46A8-82E5-149F848E1E5A}.Debug|Any CPU.ActiveCfg = Debug|Any CPU
		{6F95FF31-410E-46A8-82E5-149F848E1E5A}.Debug|Any CPU.Build.0 = Debug|Any CPU
		{6F95FF31-410E-46A8-82E5-149F848E1E5A}.Release|Any CPU.ActiveCfg = Release|Any CPU
		{6F95FF31-410E-46A8-82E5-149F848E1E5A}.Release|Any CPU.Build.0 = Release|Any CPU
	EndGlobalSection
	GlobalSection(SolutionProperties) = preSolution
		HideSolutionNode = FALSE
	EndGlobalSection
	GlobalSection(ExtensibilityGlobals) = postSolution
		SolutionGuid = {0511656D-E579-4A94-A4D9-98C408AD117A}
	EndGlobalSection
EndGlobal
